
Microsoft Visual Studio Solution File, Format Version 12.00
# Visual Studio Version 16
VisualStudioVersion = 16.0.31129.286
MinimumVisualStudioVersion = 10.0.40219.1
Project("{8BC9CEB8-8B4A-11D0-8D11-00A0C91BC942}") = "zlib", "zlib.vcxproj", "{C5682D0F-228C-4F83-B600-E3806B246EA3}"
EndProject
Global
	GlobalSection(SolutionConfigurationPlatforms) = preSolution
		ACM debug|Win32 = ACM debug|Win32
		ACM debug|x64 = ACM debug|x64
		ACM debug|x86 = ACM debug|x86
		ACM release Nasm|Win32 = ACM release Nasm|Win32
		ACM release Nasm|x64 = ACM release Nasm|x64
		ACM release Nasm|x86 = ACM release Nasm|x86
		ACM release|Win32 = ACM release|Win32
		ACM release|x64 = ACM release|x64
		ACM release|x86 = ACM release|x86
		Debug GTK|Win32 = Debug GTK|Win32
		Debug GTK|x64 = Debug GTK|x64
		Debug GTK|x86 = Debug GTK|x86
		Debug NASM|Win32 = Debug NASM|Win32
		Debug NASM|x64 = Debug NASM|x64
		Debug NASM|x86 = Debug NASM|x86
		Debug|Win32 = Debug|Win32
		Debug|x64 = Debug|x64
		Debug|x86 = Debug|x86
		Demo|Win32 = Demo|Win32
		Demo|x64 = Demo|x64
		Demo|x86 = Demo|x86
		dll debug|Win32 = dll debug|Win32
		dll debug|x64 = dll debug|x64
		dll debug|x86 = dll debug|x86
		dll release Nasm|Win32 = dll release Nasm|Win32
		dll release Nasm|x64 = dll release Nasm|x64
		dll release Nasm|x86 = dll release Nasm|x86
		dll release|Win32 = dll release|Win32
		dll release|x64 = dll release|x64
		dll release|x86 = dll release|x86
		DLL VB|Win32 = DLL VB|Win32
		DLL VB|x64 = DLL VB|x64
		DLL VB|x86 = DLL VB|x86
		Intel Release|Win32 = Intel Release|Win32
		Intel Release|x64 = Intel Release|x64
		Intel Release|x86 = Intel Release|x86
		LAME debug|Win32 = LAME debug|Win32
		LAME debug|x64 = LAME debug|x64
		LAME debug|x86 = LAME debug|x86
		LAME release Nasm|Win32 = LAME release Nasm|Win32
		LAME release Nasm|x64 = LAME release Nasm|x64
		LAME release Nasm|x86 = LAME release Nasm|x86
		LAME release|Win32 = LAME release|Win32
		LAME release|x64 = LAME release|x64
		LAME release|x86 = LAME release|x86
		LIB Debug|Win32 = LIB Debug|Win32
		LIB Debug|x64 = LIB Debug|x64
		LIB Debug|x86 = LIB Debug|x86
		LIB Release|Win32 = LIB Release|Win32
		LIB Release|x64 = LIB Release|x64
		LIB Release|x86 = LIB Release|x86
		Mp3X debug|Win32 = Mp3X debug|Win32
		Mp3X debug|x64 = Mp3X debug|x64
		Mp3X debug|x86 = Mp3X debug|x86
		Release - Fast FPU|Win32 = Release - Fast FPU|Win32
		Release - Fast FPU|x64 = Release - Fast FPU|x64
		Release - Fast FPU|x86 = Release - Fast FPU|x86
		Release GTK|Win32 = Release GTK|Win32
		Release GTK|x64 = Release GTK|x64
		Release GTK|x86 = Release GTK|x86
		Release NASM|Win32 = Release NASM|Win32
		Release NASM|x64 = Release NASM|x64
		Release NASM|x86 = Release NASM|x86
		Release_NoSTDIO|Win32 = Release_NoSTDIO|Win32
		Release_NoSTDIO|x64 = Release_NoSTDIO|x64
		Release_NoSTDIO|x86 = Release_NoSTDIO|x86
		Release|Win32 = Release|Win32
		Release|x64 = Release|x64
		Release|x86 = Release|x86
		Release-Intel|Win32 = Release-Intel|Win32
		Release-Intel|x64 = Release-Intel|x64
		Release-Intel|x86 = Release-Intel|x86
		Release-OMP|Win32 = Release-OMP|Win32
		Release-OMP|x64 = Release-OMP|x64
		Release-OMP|x86 = Release-OMP|x86
	EndGlobalSection
	GlobalSection(ProjectConfigurationPlatforms) = postSolution
		{C5682D0F-228C-4F83-B600-E3806B246EA3}.ACM debug|Win32.ActiveCfg = DLL Release|Win32
		{C5682D0F-228C-4F83-B600-E3806B246EA3}.ACM debug|Win32.Build.0 = DLL Release|Win32
		{C5682D0F-228C-4F83-B600-E3806B246EA3}.ACM debug|x64.ActiveCfg = DLL Release|x64
		{C5682D0F-228C-4F83-B600-E3806B246EA3}.ACM debug|x64.Build.0 = DLL Release|x64
		{C5682D0F-228C-4F83-B600-E3806B246EA3}.ACM debug|x86.ActiveCfg = DLL Release|Win32
		{C5682D0F-228C-4F83-B600-E3806B246EA3}.ACM debug|x86.Build.0 = DLL Release|Win32
		{C5682D0F-228C-4F83-B600-E3806B246EA3}.ACM release Nasm|Win32.ActiveCfg = DLL Release|Win32
		{C5682D0F-228C-4F83-B600-E3806B246EA3}.ACM release Nasm|Win32.Build.0 = DLL Release|Win32
		{C5682D0F-228C-4F83-B600-E3806B246EA3}.ACM release Nasm|x64.ActiveCfg = DLL Release|x64
		{C5682D0F-228C-4F83-B600-E3806B246EA3}.ACM release Nasm|x64.Build.0 = DLL Release|x64
		{C5682D0F-228C-4F83-B600-E3806B246EA3}.ACM release Nasm|x86.ActiveCfg = DLL Release|Win32
		{C5682D0F-228C-4F83-B600-E3806B246EA3}.ACM release Nasm|x86.Build.0 = DLL Release|Win32
		{C5682D0F-228C-4F83-B600-E3806B246EA3}.ACM release|Win32.ActiveCfg = DLL Release|Win32
		{C5682D0F-228C-4F83-B600-E3806B246EA3}.ACM release|Win32.Build.0 = DLL Release|Win32
		{C5682D0F-228C-4F83-B600-E3806B246EA3}.ACM release|x64.ActiveCfg = DLL Release|x64
		{C5682D0F-228C-4F83-B600-E3806B246EA3}.ACM release|x64.Build.0 = DLL Release|x64
		{C5682D0F-228C-4F83-B600-E3806B246EA3}.ACM release|x86.ActiveCfg = DLL Release|Win32
		{C5682D0F-228C-4F83-B600-E3806B246EA3}.ACM release|x86.Build.0 = DLL Release|Win32
		{C5682D0F-228C-4F83-B600-E3806B246EA3}.Debug GTK|Win32.ActiveCfg = DLL Release|Win32
		{C5682D0F-228C-4F83-B600-E3806B246EA3}.Debug GTK|Win32.Build.0 = DLL Release|Win32
		{C5682D0F-228C-4F83-B600-E3806B246EA3}.Debug GTK|x64.ActiveCfg = DLL Release|x64
		{C5682D0F-228C-4F83-B600-E3806B246EA3}.Debug GTK|x64.Build.0 = DLL Release|x64
		{C5682D0F-228C-4F83-B600-E3806B246EA3}.Debug GTK|x86.ActiveCfg = DLL Release|Win32
		{C5682D0F-228C-4F83-B600-E3806B246EA3}.Debug GTK|x86.Build.0 = DLL Release|Win32
		{C5682D0F-228C-4F83-B600-E3806B246EA3}.Debug NASM|Win32.ActiveCfg = DLL Release|Win32
		{C5682D0F-228C-4F83-B600-E3806B246EA3}.Debug NASM|Win32.Build.0 = DLL Release|Win32
		{C5682D0F-228C-4F83-B600-E3806B246EA3}.Debug NASM|x64.ActiveCfg = DLL Release|x64
		{C5682D0F-228C-4F83-B600-E3806B246EA3}.Debug NASM|x64.Build.0 = DLL Release|x64
		{C5682D0F-228C-4F83-B600-E3806B246EA3}.Debug NASM|x86.ActiveCfg = DLL Release|Win32
		{C5682D0F-228C-4F83-B600-E3806B246EA3}.Debug NASM|x86.Build.0 = DLL Release|Win32
		{C5682D0F-228C-4F83-B600-E3806B246EA3}.Debug|Win32.ActiveCfg = DLL Debug|Win32
		{C5682D0F-228C-4F83-B600-E3806B246EA3}.Debug|Win32.Build.0 = DLL Debug|Win32
		{C5682D0F-228C-4F83-B600-E3806B246EA3}.Debug|x64.ActiveCfg = DLL Debug|x64
		{C5682D0F-228C-4F83-B600-E3806B246EA3}.Debug|x64.Build.0 = DLL Debug|x64
		{C5682D0F-228C-4F83-B600-E3806B246EA3}.Debug|x86.ActiveCfg = DLL Debug|Win32
		{C5682D0F-228C-4F83-B600-E3806B246EA3}.Debug|x86.Build.0 = DLL Debug|Win32
		{C5682D0F-228C-4F83-B600-E3806B246EA3}.Demo|Win32.ActiveCfg = DLL Release|Win32
		{C5682D0F-228C-4F83-B600-E3806B246EA3}.Demo|Win32.Build.0 = DLL Release|Win32
		{C5682D0F-228C-4F83-B600-E3806B246EA3}.Demo|x64.ActiveCfg = DLL Release|x64
		{C5682D0F-228C-4F83-B600-E3806B246EA3}.Demo|x64.Build.0 = DLL Release|x64
		{C5682D0F-228C-4F83-B600-E3806B246EA3}.Demo|x86.ActiveCfg = DLL Release|Win32
		{C5682D0F-228C-4F83-B600-E3806B246EA3}.Demo|x86.Build.0 = DLL Release|Win32
		{C5682D0F-228C-4F83-B600-E3806B246EA3}.dll debug|Win32.ActiveCfg = DLL Debug|Win32
		{C5682D0F-228C-4F83-B600-E3806B246EA3}.dll debug|Win32.Build.0 = DLL Debug|Win32
		{C5682D0F-228C-4F83-B600-E3806B246EA3}.dll debug|x64.ActiveCfg = DLL Debug|x64
		{C5682D0F-228C-4F83-B600-E3806B246EA3}.dll debug|x64.Build.0 = DLL Debug|x64
		{C5682D0F-228C-4F83-B600-E3806B246EA3}.dll debug|x86.ActiveCfg = DLL Debug|Win32
		{C5682D0F-228C-4F83-B600-E3806B246EA3}.dll debug|x86.Build.0 = DLL Debug|Win32
		{C5682D0F-228C-4F83-B600-E3806B246EA3}.dll release Nasm|Win32.ActiveCfg = DLL Release|Win32
		{C5682D0F-228C-4F83-B600-E3806B246EA3}.dll release Nasm|Win32.Build.0 = DLL Release|Win32
		{C5682D0F-228C-4F83-B600-E3806B246EA3}.dll release Nasm|x64.ActiveCfg = DLL Release|x64
		{C5682D0F-228C-4F83-B600-E3806B246EA3}.dll release Nasm|x64.Build.0 = DLL Release|x64
		{C5682D0F-228C-4F83-B600-E3806B246EA3}.dll release Nasm|x86.ActiveCfg = DLL Release|Win32
		{C5682D0F-228C-4F83-B600-E3806B246EA3}.dll release Nasm|x86.Build.0 = DLL Release|Win32
		{C5682D0F-228C-4F83-B600-E3806B246EA3}.dll release|Win32.ActiveCfg = DLL Release|Win32
		{C5682D0F-228C-4F83-B600-E3806B246EA3}.dll release|Win32.Build.0 = DLL Release|Win32
		{C5682D0F-228C-4F83-B600-E3806B246EA3}.dll release|x64.ActiveCfg = DLL Release|x64
		{C5682D0F-228C-4F83-B600-E3806B246EA3}.dll release|x64.Build.0 = DLL Release|x64
		{C5682D0F-228C-4F83-B600-E3806B246EA3}.dll release|x86.ActiveCfg = DLL Release|Win32
		{C5682D0F-228C-4F83-B600-E3806B246EA3}.dll release|x86.Build.0 = DLL Release|Win32
		{C5682D0F-228C-4F83-B600-E3806B246EA3}.DLL VB|Win32.ActiveCfg = DLL Release|Win32
		{C5682D0F-228C-4F83-B600-E3806B246EA3}.DLL VB|Win32.Build.0 = DLL Release|Win32
		{C5682D0F-228C-4F83-B600-E3806B246EA3}.DLL VB|x64.ActiveCfg = DLL Release|x64
		{C5682D0F-228C-4F83-B600-E3806B246EA3}.DLL VB|x64.Build.0 = DLL Release|x64
		{C5682D0F-228C-4F83-B600-E3806B246EA3}.DLL VB|x86.ActiveCfg = DLL Release|Win32
		{C5682D0F-228C-4F83-B600-E3806B246EA3}.DLL VB|x86.Build.0 = DLL Release|Win32
		{C5682D0F-228C-4F83-B600-E3806B246EA3}.Intel Release|Win32.ActiveCfg = DLL Release|Win32
		{C5682D0F-228C-4F83-B600-E3806B246EA3}.Intel Release|Win32.Build.0 = DLL Release|Win32
		{C5682D0F-228C-4F83-B600-E3806B246EA3}.Intel Release|x64.ActiveCfg = DLL Release|x64
		{C5682D0F-228C-4F83-B600-E3806B246EA3}.Intel Release|x64.Build.0 = DLL Release|x64
		{C5682D0F-228C-4F83-B600-E3806B246EA3}.Intel Release|x86.ActiveCfg = DLL Release|Win32
		{C5682D0F-228C-4F83-B600-E3806B246EA3}.Intel Release|x86.Build.0 = DLL Release|Win32
		{C5682D0F-228C-4F83-B600-E3806B246EA3}.LAME debug|Win32.ActiveCfg = LIB Debug|Win32
		{C5682D0F-228C-4F83-B600-E3806B246EA3}.LAME debug|Win32.Build.0 = LIB Debug|Win32
		{C5682D0F-228C-4F83-B600-E3806B246EA3}.LAME debug|x64.ActiveCfg = LIB Debug|x64
		{C5682D0F-228C-4F83-B600-E3806B246EA3}.LAME debug|x64.Build.0 = LIB Debug|x64
		{C5682D0F-228C-4F83-B600-E3806B246EA3}.LAME debug|x86.ActiveCfg = LIB Debug|Win32
		{C5682D0F-228C-4F83-B600-E3806B246EA3}.LAME debug|x86.Build.0 = LIB Debug|Win32
		{C5682D0F-228C-4F83-B600-E3806B246EA3}.LAME release Nasm|Win32.ActiveCfg = LIB Debug|Win32
		{C5682D0F-228C-4F83-B600-E3806B246EA3}.LAME release Nasm|Win32.Build.0 = LIB Debug|Win32
		{C5682D0F-228C-4F83-B600-E3806B246EA3}.LAME release Nasm|x64.ActiveCfg = LIB Debug|x64
		{C5682D0F-228C-4F83-B600-E3806B246EA3}.LAME release Nasm|x64.Build.0 = LIB Debug|x64
		{C5682D0F-228C-4F83-B600-E3806B246EA3}.LAME release Nasm|x86.ActiveCfg = LIB Debug|Win32
		{C5682D0F-228C-4F83-B600-E3806B246EA3}.LAME release Nasm|x86.Build.0 = LIB Debug|Win32
		{C5682D0F-228C-4F83-B600-E3806B246EA3}.LAME release|Win32.ActiveCfg = LIB Debug|Win32
		{C5682D0F-228C-4F83-B600-E3806B246EA3}.LAME release|Win32.Build.0 = LIB Debug|Win32
		{C5682D0F-228C-4F83-B600-E3806B246EA3}.LAME release|x64.ActiveCfg = LIB Debug|x64
		{C5682D0F-228C-4F83-B600-E3806B246EA3}.LAME release|x64.Build.0 = LIB Debug|x64
		{C5682D0F-228C-4F83-B600-E3806B246EA3}.LAME release|x86.ActiveCfg = LIB Debug|Win32
		{C5682D0F-228C-4F83-B600-E3806B246EA3}.LAME release|x86.Build.0 = LIB Debug|Win32
		{C5682D0F-228C-4F83-B600-E3806B246EA3}.LIB Debug|Win32.ActiveCfg = LIB Debug|Win32
		{C5682D0F-228C-4F83-B600-E3806B246EA3}.LIB Debug|Win32.Build.0 = LIB Debug|Win32
		{C5682D0F-228C-4F83-B600-E3806B246EA3}.LIB Debug|x64.ActiveCfg = LIB Debug|x64
		{C5682D0F-228C-4F83-B600-E3806B246EA3}.LIB Debug|x64.Build.0 = LIB Debug|x64
		{C5682D0F-228C-4F83-B600-E3806B246EA3}.LIB Debug|x86.ActiveCfg = LIB Debug|Win32
		{C5682D0F-228C-4F83-B600-E3806B246EA3}.LIB Debug|x86.Build.0 = LIB Debug|Win32
		{C5682D0F-228C-4F83-B600-E3806B246EA3}.LIB Release|Win32.ActiveCfg = LIB Release|Win32
		{C5682D0F-228C-4F83-B600-E3806B246EA3}.LIB Release|Win32.Build.0 = LIB Release|Win32
		{C5682D0F-228C-4F83-B600-E3806B246EA3}.LIB Release|x64.ActiveCfg = LIB Release|x64
		{C5682D0F-228C-4F83-B600-E3806B246EA3}.LIB Release|x64.Build.0 = LIB Release|x64
		{C5682D0F-228C-4F83-B600-E3806B246EA3}.LIB Release|x86.ActiveCfg = LIB Release|Win32
		{C5682D0F-228C-4F83-B600-E3806B246EA3}.LIB Release|x86.Build.0 = LIB Release|Win32
		{C5682D0F-228C-4F83-B600-E3806B246EA3}.Mp3X debug|Win32.ActiveCfg = DLL Release|Win32
		{C5682D0F-228C-4F83-B600-E3806B246EA3}.Mp3X debug|Win32.Build.0 = DLL Release|Win32
		{C5682D0F-228C-4F83-B600-E3806B246EA3}.Mp3X debug|x64.ActiveCfg = DLL Release|x64
		{C5682D0F-228C-4F83-B600-E3806B246EA3}.Mp3X debug|x64.Build.0 = DLL Release|x64
		{C5682D0F-228C-4F83-B600-E3806B246EA3}.Mp3X debug|x86.ActiveCfg = DLL Release|Win32
		{C5682D0F-228C-4F83-B600-E3806B246EA3}.Mp3X debug|x86.Build.0 = DLL Release|Win32
		{C5682D0F-228C-4F83-B600-E3806B246EA3}.Release - Fast FPU|Win32.ActiveCfg = DLL Release|Win32
		{C5682D0F-228C-4F83-B600-E3806B246EA3}.Release - Fast FPU|Win32.Build.0 = DLL Release|Win32
		{C5682D0F-228C-4F83-B600-E3806B246EA3}.Release - Fast FPU|x64.ActiveCfg = DLL Release|x64
		{C5682D0F-228C-4F83-B600-E3806B246EA3}.Release - Fast FPU|x64.Build.0 = DLL Release|x64
		{C5682D0F-228C-4F83-B600-E3806B246EA3}.Release - Fast FPU|x86.ActiveCfg = DLL Release|Win32
		{C5682D0F-228C-4F83-B600-E3806B246EA3}.Release - Fast FPU|x86.Build.0 = DLL Release|Win32
		{C5682D0F-228C-4F83-B600-E3806B246EA3}.Release GTK|Win32.ActiveCfg = DLL Release|Win32
		{C5682D0F-228C-4F83-B600-E3806B246EA3}.Release GTK|Win32.Build.0 = DLL Release|Win32
		{C5682D0F-228C-4F83-B600-E3806B246EA3}.Release GTK|x64.ActiveCfg = DLL Release|x64
		{C5682D0F-228C-4F83-B600-E3806B246EA3}.Release GTK|x64.Build.0 = DLL Release|x64
		{C5682D0F-228C-4F83-B600-E3806B246EA3}.Release GTK|x86.ActiveCfg = DLL Release|Win32
		{C5682D0F-228C-4F83-B600-E3806B246EA3}.Release GTK|x86.Build.0 = DLL Release|Win32
		{C5682D0F-228C-4F83-B600-E3806B246EA3}.Release NASM|Win32.ActiveCfg = DLL Release|Win32
		{C5682D0F-228C-4F83-B600-E3806B246EA3}.Release NASM|Win32.Build.0 = DLL Release|Win32
		{C5682D0F-228C-4F83-B600-E3806B246EA3}.Release NASM|x64.ActiveCfg = DLL Release|x64
		{C5682D0F-228C-4F83-B600-E3806B246EA3}.Release NASM|x64.Build.0 = DLL Release|x64
		{C5682D0F-228C-4F83-B600-E3806B246EA3}.Release NASM|x86.ActiveCfg = DLL Release|Win32
		{C5682D0F-228C-4F83-B600-E3806B246EA3}.Release NASM|x86.Build.0 = DLL Release|Win32
		{C5682D0F-228C-4F83-B600-E3806B246EA3}.Release_NoSTDIO|Win32.ActiveCfg = DLL Release|Win32
		{C5682D0F-228C-4F83-B600-E3806B246EA3}.Release_NoSTDIO|Win32.Build.0 = DLL Release|Win32
		{C5682D0F-228C-4F83-B600-E3806B246EA3}.Release_NoSTDIO|x64.ActiveCfg = DLL Release|x64
		{C5682D0F-228C-4F83-B600-E3806B246EA3}.Release_NoSTDIO|x64.Build.0 = DLL Release|x64
		{C5682D0F-228C-4F83-B600-E3806B246EA3}.Release_NoSTDIO|x86.ActiveCfg = DLL Release|Win32
		{C5682D0F-228C-4F83-B600-E3806B246EA3}.Release_NoSTDIO|x86.Build.0 = DLL Release|Win32
		{C5682D0F-228C-4F83-B600-E3806B246EA3}.Release|Win32.ActiveCfg = DLL Release|Win32
		{C5682D0F-228C-4F83-B600-E3806B246EA3}.Release|Win32.Build.0 = DLL Release|Win32
		{C5682D0F-228C-4F83-B600-E3806B246EA3}.Release|x64.ActiveCfg = DLL Release|x64
		{C5682D0F-228C-4F83-B600-E3806B246EA3}.Release|x64.Build.0 = DLL Release|x64
		{C5682D0F-228C-4F83-B600-E3806B246EA3}.Release|x86.ActiveCfg = DLL Release|Win32
		{C5682D0F-228C-4F83-B600-E3806B246EA3}.Release|x86.Build.0 = DLL Release|Win32
		{C5682D0F-228C-4F83-B600-E3806B246EA3}.Release-Intel|Win32.ActiveCfg = DLL Release|Win32
		{C5682D0F-228C-4F83-B600-E3806B246EA3}.Release-Intel|Win32.Build.0 = DLL Release|Win32
		{C5682D0F-228C-4F83-B600-E3806B246EA3}.Release-Intel|x64.ActiveCfg = DLL Release|x64
		{C5682D0F-228C-4F83-B600-E3806B246EA3}.Release-Intel|x64.Build.0 = DLL Release|x64
		{C5682D0F-228C-4F83-B600-E3806B246EA3}.Release-Intel|x86.ActiveCfg = DLL Release|Win32
		{C5682D0F-228C-4F83-B600-E3806B246EA3}.Release-Intel|x86.Build.0 = DLL Release|Win32
		{C5682D0F-228C-4F83-B600-E3806B246EA3}.Release-OMP|Win32.ActiveCfg = DLL Release|Win32
		{C5682D0F-228C-4F83-B600-E3806B246EA3}.Release-OMP|Win32.Build.0 = DLL Release|Win32
		{C5682D0F-228C-4F83-B600-E3806B246EA3}.Release-OMP|x64.ActiveCfg = DLL Release|x64
		{C5682D0F-228C-4F83-B600-E3806B246EA3}.Release-OMP|x64.Build.0 = DLL Release|x64
		{C5682D0F-228C-4F83-B600-E3806B246EA3}.Release-OMP|x86.ActiveCfg = DLL Release|Win32
		{C5682D0F-228C-4F83-B600-E3806B246EA3}.Release-OMP|x86.Build.0 = DLL Release|Win32
	EndGlobalSection
	GlobalSection(SolutionProperties) = preSolution
		HideSolutionNode = FALSE
	EndGlobalSection
	GlobalSection(ExtensibilityGlobals) = postSolution
		SolutionGuid = {CDA761BC-3569-4AFA-AF1B-9F2EC0F0064A}
	EndGlobalSection
EndGlobal
